
Microsoft Visual Studio Solution File, Format Version 12.00
# Visual Studio Version 17
VisualStudioVersion = 17.11.35327.3
MinimumVisualStudioVersion = 10.0.40219.1
Project("{FAE04EC0-301F-11D3-BF4B-00C04F79EFBC}") = "Pattern.Bridge", "Pattern.Bridge\Pattern.Bridge.csproj", "{C0C27242-6633-43B8-B9F2-5D308F1285E6}"
EndProject
Project("{FAE04EC0-301F-11D3-BF4B-00C04F79EFBC}") = "Pattern.Strategy", "Pattern.Strategy\Pattern.Strategy.csproj", "{13D0D0F9-E22A-4E79-BBA8-A6F9AAF46A77}"
EndProject
Project("{FAE04EC0-301F-11D3-BF4B-00C04F79EFBC}") = "Pattern.State", "Pattern.State\Pattern.State.csproj", "{E1B80EBA-BC92-4205-AFF2-FD24D0D62C82}"
EndProject
Project("{FAE04EC0-301F-11D3-BF4B-00C04F79EFBC}") = "FacadePattern.Beneficios", "FacadePattern.Beneficios\FacadePattern.Beneficios.csproj", "{E85267EC-79F5-41EB-8CB4-9585B284C267}"
EndProject
Project("{FAE04EC0-301F-11D3-BF4B-00C04F79EFBC}") = "FacadePattern.ClienteFacturacion", "FacadePattern.ClienteFacturacion\FacadePattern.ClienteFacturacion.csproj", "{81DDD0CF-517B-42B4-88D6-FB2EDFA98677}"
EndProject
Project("{FAE04EC0-301F-11D3-BF4B-00C04F79EFBC}") = "FacadePattern.Dominio", "FacadePattern.Dominio\FacadePattern.Dominio.csproj", "{5F234766-2F9C-47B6-BBE8-D91207EC4A29}"
EndProject
Project("{FAE04EC0-301F-11D3-BF4B-00C04F79EFBC}") = "FacadePattern.Fachada", "FacadePattern.Fachada\FacadePattern.Fachada.csproj", "{719B04C8-0053-4D32-B2C5-AF0ACBFA969B}"
EndProject
Project("{FAE04EC0-301F-11D3-BF4B-00C04F79EFBC}") = "FacadePattern.Incentivos", "FacadePattern.Incentivos\FacadePattern.Incentivos.csproj", "{755E3908-C48A-4C62-A200-98EBCAE543C7}"
EndProject
Project("{FAE04EC0-301F-11D3-BF4B-00C04F79EFBC}") = "FacadePattern.Nomina", "FacadePattern.Nomina\FacadePattern.Nomina.csproj", "{5B92D5EC-5323-4643-81BF-0D4D090C48F4}"
EndProject
Project("{FAE04EC0-301F-11D3-BF4B-00C04F79EFBC}") = "Pattern.Factory", "Pattern.Factory\Pattern.Factory.csproj", "{3194709B-F34E-46AE-93CB-2A3BA385925E}"
EndProject
Project("{FAE04EC0-301F-11D3-BF4B-00C04F79EFBC}") = "Pattern.Memento", "Pattern.Memento\Pattern.Memento.csproj", "{9B636D0D-1DC9-4D10-BB02-76F7B2CDC1E1}"
EndProject
Project("{FAE04EC0-301F-11D3-BF4B-00C04F79EFBC}") = "Pattern.Flyweitght", "Pattern.Flyweitght\Pattern.Flyweitght.csproj", "{50AD97B3-E9B7-4F10-9F32-416D7D98F653}"
EndProject
Project("{FAE04EC0-301F-11D3-BF4B-00C04F79EFBC}") = "Pattern.Observer", "Pattern.Observer\Pattern.Observer.csproj", "{A1B2C3D4-E5F6-47F8-A9C0-B1D2E3F4A5B6}"
EndProject
Global
	GlobalSection(SolutionConfigurationPlatforms) = preSolution
		Debug|Any CPU = Debug|Any CPU
		Release|Any CPU = Release|Any CPU
	EndGlobalSection
	GlobalSection(ProjectConfigurationPlatforms) = postSolution
		{C0C27242-6633-43B8-B9F2-5D308F1285E6}.Debug|Any CPU.ActiveCfg = Debug|Any CPU
		{C0C27242-6633-43B8-B9F2-5D308F1285E6}.Debug|Any CPU.Build.0 = Debug|Any CPU
		{C0C27242-6633-43B8-B9F2-5D308F1285E6}.Release|Any CPU.ActiveCfg = Release|Any CPU
		{C0C27242-6633-43B8-B9F2-5D308F1285E6}.Release|Any CPU.Build.0 = Release|Any CPU
		{13D0D0F9-E22A-4E79-BBA8-A6F9AAF46A77}.Debug|Any CPU.ActiveCfg = Debug|Any CPU
		{13D0D0F9-E22A-4E79-BBA8-A6F9AAF46A77}.Debug|Any CPU.Build.0 = Debug|Any CPU
		{13D0D0F9-E22A-4E79-BBA8-A6F9AAF46A77}.Release|Any CPU.ActiveCfg = Release|Any CPU
		{13D0D0F9-E22A-4E79-BBA8-A6F9AAF46A77}.Release|Any CPU.Build.0 = Release|Any CPU
		{E1B80EBA-BC92-4205-AFF2-FD24D0D62C82}.Debug|Any CPU.ActiveCfg = Debug|Any CPU
		{E1B80EBA-BC92-4205-AFF2-FD24D0D62C82}.Debug|Any CPU.Build.0 = Debug|Any CPU
		{E1B80EBA-BC92-4205-AFF2-FD24D0D62C82}.Release|Any CPU.ActiveCfg = Release|Any CPU
		{E1B80EBA-BC92-4205-AFF2-FD24D0D62C82}.Release|Any CPU.Build.0 = Release|Any CPU
		{E85267EC-79F5-41EB-8CB4-9585B284C267}.Debug|Any CPU.ActiveCfg = Debug|Any CPU
		{E85267EC-79F5-41EB-8CB4-9585B284C267}.Debug|Any CPU.Build.0 = Debug|Any CPU
		{E85267EC-79F5-41EB-8CB4-9585B284C267}.Release|Any CPU.ActiveCfg = Release|Any CPU
		{E85267EC-79F5-41EB-8CB4-9585B284C267}.Release|Any CPU.Build.0 = Release|Any CPU
		{81DDD0CF-517B-42B4-88D6-FB2EDFA98677}.Debug|Any CPU.ActiveCfg = Debug|Any CPU
		{81DDD0CF-517B-42B4-88D6-FB2EDFA98677}.Debug|Any CPU.Build.0 = Debug|Any CPU
		{81DDD0CF-517B-42B4-88D6-FB2EDFA98677}.Release|Any CPU.ActiveCfg = Release|Any CPU
		{81DDD0CF-517B-42B4-88D6-FB2EDFA98677}.Release|Any CPU.Build.0 = Release|Any CPU
		{5F234766-2F9C-47B6-BBE8-D91207EC4A29}.Debug|Any CPU.ActiveCfg = Debug|Any CPU
		{5F234766-2F9C-47B6-BBE8-D91207EC4A29}.Debug|Any CPU.Build.0 = Debug|Any CPU
		{5F234766-2F9C-47B6-BBE8-D91207EC4A29}.Release|Any CPU.ActiveCfg = Release|Any CPU
		{5F234766-2F9C-47B6-BBE8-D91207EC4A29}.Release|Any CPU.Build.0 = Release|Any CPU
		{719B04C8-0053-4D32-B2C5-AF0ACBFA969B}.Debug|Any CPU.ActiveCfg = Debug|Any CPU
		{719B04C8-0053-4D32-B2C5-AF0ACBFA969B}.Debug|Any CPU.Build.0 = Debug|Any CPU
		{719B04C8-0053-4D32-B2C5-AF0ACBFA969B}.Release|Any CPU.ActiveCfg = Release|Any CPU
		{719B04C8-0053-4D32-B2C5-AF0ACBFA969B}.Release|Any CPU.Build.0 = Release|Any CPU
		{755E3908-C48A-4C62-A200-98EBCAE543C7}.Debug|Any CPU.ActiveCfg = Debug|Any CPU
		{755E3908-C48A-4C62-A200-98EBCAE543C7}.Debug|Any CPU.Build.0 = Debug|Any CPU
		{755E3908-C48A-4C62-A200-98EBCAE543C7}.Release|Any CPU.ActiveCfg = Release|Any CPU
		{755E3908-C48A-4C62-A200-98EBCAE543C7}.Release|Any CPU.Build.0 = Release|Any CPU
		{5B92D5EC-5323-4643-81BF-0D4D090C48F4}.Debug|Any CPU.ActiveCfg = Debug|Any CPU
		{5B92D5EC-5323-4643-81BF-0D4D090C48F4}.Debug|Any CPU.Build.0 = Debug|Any CPU
		{5B92D5EC-5323-4643-81BF-0D4D090C48F4}.Release|Any CPU.ActiveCfg = Release|Any CPU
		{5B92D5EC-5323-4643-81BF-0D4D090C48F4}.Release|Any CPU.Build.0 = Release|Any CPU
		{3194709B-F34E-46AE-93CB-2A3BA385925E}.Debug|Any CPU.ActiveCfg = Debug|Any CPU
		{3194709B-F34E-46AE-93CB-2A3BA385925E}.Debug|Any CPU.Build.0 = Debug|Any CPU
		{3194709B-F34E-46AE-93CB-2A3BA385925E}.Release|Any CPU.ActiveCfg = Release|Any CPU
		{3194709B-F34E-46AE-93CB-2A3BA385925E}.Release|Any CPU.Build.0 = Release|Any CPU
		{9B636D0D-1DC9-4D10-BB02-76F7B2CDC1E1}.Debug|Any CPU.ActiveCfg = Debug|Any CPU
		{9B636D0D-1DC9-4D10-BB02-76F7B2CDC1E1}.Debug|Any CPU.Build.0 = Debug|Any CPU
		{9B636D0D-1DC9-4D10-BB02-76F7B2CDC1E1}.Release|Any CPU.ActiveCfg = Release|Any CPU
		{9B636D0D-1DC9-4D10-BB02-76F7B2CDC1E1}.Release|Any CPU.Build.0 = Release|Any CPU
		{50AD97B3-E9B7-4F10-9F32-416D7D98F653}.Debug|Any CPU.ActiveCfg = Debug|Any CPU
		{50AD97B3-E9B7-4F10-9F32-416D7D98F653}.Debug|Any CPU.Build.0 = Debug|Any CPU
		{50AD97B3-E9B7-4F10-9F32-416D7D98F653}.Release|Any CPU.ActiveCfg = Release|Any CPU
		{50AD97B3-E9B7-4F10-9F32-416D7D98F653}.Release|Any CPU.Build.0 = Release|Any CPU
		{A1B2C3D4-E5F6-47F8-A9C0-B1D2E3F4A5B6}.Debug|Any CPU.ActiveCfg = Debug|Any CPU
		{A1B2C3D4-E5F6-47F8-A9C0-B1D2E3F4A5B6}.Debug|Any CPU.Build.0 = Debug|Any CPU
		{A1B2C3D4-E5F6-47F8-A9C0-B1D2E3F4A5B6}.Release|Any CPU.ActiveCfg = Release|Any CPU
		{A1B2C3D4-E5F6-47F8-A9C0-B1D2E3F4A5B6}.Release|Any CPU.Build.0 = Release|Any CPU
	EndGlobalSection
	GlobalSection(SolutionProperties) = preSolution
		HideSolutionNode = FALSE
	EndGlobalSection
	GlobalSection(ExtensibilityGlobals) = postSolution
		SolutionGuid = {BC2B64A3-A27B-4F61-89F8-53FE02285900}
	EndGlobalSection
EndGlobal
